// !$*UTF8*$!
{
	archiveVersion = 1;
	classes = {
	};
	objectVersion = 46;
	objects = {

/* Begin PBXBuildFile section */
		09F3812DF06B889B323F29E3 /* Pods_MyCalenderUITests.framework in Frameworks */ = {isa = PBXBuildFile; fileRef = EC63D55B7BC8FF04B85B83E4 /* Pods_MyCalenderUITests.framework */; };
		31003FF51EC8CE9800DE21C8 /* myTableViewCell.m in Sources */ = {isa = PBXBuildFile; fileRef = 31003FF41EC8CE9800DE21C8 /* myTableViewCell.m */; };
		311AF34520CA3DD200E41208 /* yearTableViewCell.xib in Resources */ = {isa = PBXBuildFile; fileRef = 311AF34420CA3DD200E41208 /* yearTableViewCell.xib */; };
		311E0566213956F1001D0EAF /* yearCollectionViewCell.xib in Resources */ = {isa = PBXBuildFile; fileRef = 311E0565213956F1001D0EAF /* yearCollectionViewCell.xib */; };
		3139BCAA2138152300194F01 /* yearCollectionViewController.m in Sources */ = {isa = PBXBuildFile; fileRef = 3139BCA92138152300194F01 /* yearCollectionViewController.m */; };
		3139BCAD2138287900194F01 /* yearCollectionViewCell.m in Sources */ = {isa = PBXBuildFile; fileRef = 3139BCAC2138287900194F01 /* yearCollectionViewCell.m */; };
		313C27BD1EC3DC7500869084 /* addEventViewController.m in Sources */ = {isa = PBXBuildFile; fileRef = 313C27BC1EC3DC7500869084 /* addEventViewController.m */; };
		313C27C01EC4AFF900869084 /* topView.m in Sources */ = {isa = PBXBuildFile; fileRef = 313C27BF1EC4AFF900869084 /* topView.m */; };
		313C27C21EC4B1B100869084 /* topView.xib in Resources */ = {isa = PBXBuildFile; fileRef = 313C27C11EC4B1B100869084 /* topView.xib */; };
		314036E021344ADE00381C36 /* newYearTableViewCell.xib in Resources */ = {isa = PBXBuildFile; fileRef = 314036DF21344ADE00381C36 /* newYearTableViewCell.xib */; };
		315BB45A213EF55900D7108C /* dayCollectionViewCell.m in Sources */ = {isa = PBXBuildFile; fileRef = 315BB458213EF55900D7108C /* dayCollectionViewCell.m */; };
		315BB45B213EF55900D7108C /* dayCollectionViewCell.xib in Resources */ = {isa = PBXBuildFile; fileRef = 315BB459213EF55900D7108C /* dayCollectionViewCell.xib */; };
		315BB466213FBBB900D7108C /* monthCollectionView.m in Sources */ = {isa = PBXBuildFile; fileRef = 315BB465213FBBB900D7108C /* monthCollectionView.m */; };
		316CA395211C78DF00EDCC91 /* navigationController.m in Sources */ = {isa = PBXBuildFile; fileRef = 316CA394211C78DF00EDCC91 /* navigationController.m */; };
		316CA398211C807700EDCC91 /* detailViewController.m in Sources */ = {isa = PBXBuildFile; fileRef = 316CA397211C807700EDCC91 /* detailViewController.m */; };
		31735DB720AC758300A66F36 /* yearTableViewController.m in Sources */ = {isa = PBXBuildFile; fileRef = 31735DB620AC758300A66F36 /* yearTableViewController.m */; };
		31735DBA20AC77DA00A66F36 /* yearTableViewCell.m in Sources */ = {isa = PBXBuildFile; fileRef = 31735DB920AC77DA00A66F36 /* yearTableViewCell.m */; };
		31BE13082144360A00A54276 /* yearHeaderCollectionReusableView.m in Sources */ = {isa = PBXBuildFile; fileRef = 31BE13072144360A00A54276 /* yearHeaderCollectionReusableView.m */; };
		31BE130F21455D8900A54276 /* monthObject.m in Sources */ = {isa = PBXBuildFile; fileRef = 31BE130E21455D8900A54276 /* monthObject.m */; };
		31C4FB11214FC9A000C9E962 /* firstWeekDayCollectionViewCell.m in Sources */ = {isa = PBXBuildFile; fileRef = 31C4FB0F214FC9A000C9E962 /* firstWeekDayCollectionViewCell.m */; };
		31C4FB12214FC9A000C9E962 /* firstWeekDayCollectionViewCell.xib in Resources */ = {isa = PBXBuildFile; fileRef = 31C4FB10214FC9A000C9E962 /* firstWeekDayCollectionViewCell.xib */; };
		31CD51341ED9710A00E920E0 /* UITextField+IndexPath.m in Sources */ = {isa = PBXBuildFile; fileRef = 31CD51331ED9710A00E920E0 /* UITextField+IndexPath.m */; };
		31D0F8201E12893700C5E515 /* main.m in Sources */ = {isa = PBXBuildFile; fileRef = 31D0F81F1E12893700C5E515 /* main.m */; };
		31D0F8231E12893700C5E515 /* AppDelegate.m in Sources */ = {isa = PBXBuildFile; fileRef = 31D0F8221E12893700C5E515 /* AppDelegate.m */; };
		31D0F8261E12893700C5E515 /* monthViewController.m in Sources */ = {isa = PBXBuildFile; fileRef = 31D0F8251E12893700C5E515 /* monthViewController.m */; };
		31D0F8291E12893700C5E515 /* Main.storyboard in Resources */ = {isa = PBXBuildFile; fileRef = 31D0F8271E12893700C5E515 /* Main.storyboard */; };
		31D0F82B1E12893700C5E515 /* Assets.xcassets in Resources */ = {isa = PBXBuildFile; fileRef = 31D0F82A1E12893700C5E515 /* Assets.xcassets */; };
		31D0F82E1E12893700C5E515 /* LaunchScreen.storyboard in Resources */ = {isa = PBXBuildFile; fileRef = 31D0F82C1E12893700C5E515 /* LaunchScreen.storyboard */; };
		31D0F8391E12893700C5E515 /* MyCalenderTests.m in Sources */ = {isa = PBXBuildFile; fileRef = 31D0F8381E12893700C5E515 /* MyCalenderTests.m */; };
		31D0F8441E12893700C5E515 /* MyCalenderUITests.m in Sources */ = {isa = PBXBuildFile; fileRef = 31D0F8431E12893700C5E515 /* MyCalenderUITests.m */; };
		31E57387214C05BB00629891 /* monthCollectionViewController.m in Sources */ = {isa = PBXBuildFile; fileRef = 31E57386214C05BB00629891 /* monthCollectionViewController.m */; };
		31E5738D214CF5B400629891 /* monthHeaderView.xib in Resources */ = {isa = PBXBuildFile; fileRef = 31E5738C214CF5B400629891 /* monthHeaderView.xib */; };
		31E57390214D283100629891 /* monthHeaderView.m in Sources */ = {isa = PBXBuildFile; fileRef = 31E5738F214D283100629891 /* monthHeaderView.m */; };
		31F2032820FC4C8C00DA736C /* MyCollectionViewCell.m in Sources */ = {isa = PBXBuildFile; fileRef = 31F2032720FC4C8C00DA736C /* MyCollectionViewCell.m */; };
		31F2032B20FC6A0600DA736C /* collectionViewController.m in Sources */ = {isa = PBXBuildFile; fileRef = 31F2032A20FC6A0600DA736C /* collectionViewController.m */; };
		4BFA783E2FA52597F373E8B0 /* Pods_MyCalender.framework in Frameworks */ = {isa = PBXBuildFile; fileRef = FBC6CFE2ADB5FE6946A9DDDF /* Pods_MyCalender.framework */; };
		982F855594BF110D148BE049 /* Pods_MyCalenderTests.framework in Frameworks */ = {isa = PBXBuildFile; fileRef = E17B1BD07D6D27F33B0A3B07 /* Pods_MyCalenderTests.framework */; };
/* End PBXBuildFile section */

/* Begin PBXContainerItemProxy section */
		31D0F8351E12893700C5E515 /* PBXContainerItemProxy */ = {
			isa = PBXContainerItemProxy;
			containerPortal = 31D0F8131E12893700C5E515 /* Project object */;
			proxyType = 1;
			remoteGlobalIDString = 31D0F81A1E12893700C5E515;
			remoteInfo = MyCalender;
		};
		31D0F8401E12893700C5E515 /* PBXContainerItemProxy */ = {
			isa = PBXContainerItemProxy;
			containerPortal = 31D0F8131E12893700C5E515 /* Project object */;
			proxyType = 1;
			remoteGlobalIDString = 31D0F81A1E12893700C5E515;
			remoteInfo = MyCalender;
		};
/* End PBXContainerItemProxy section */

/* Begin PBXFileReference section */
		31003FF31EC8CE9800DE21C8 /* myTableViewCell.h */ = {isa = PBXFileReference; fileEncoding = 4; lastKnownFileType = sourcecode.c.h; path = myTableViewCell.h; sourceTree = "<group>"; };
		31003FF41EC8CE9800DE21C8 /* myTableViewCell.m */ = {isa = PBXFileReference; fileEncoding = 4; lastKnownFileType = sourcecode.c.objc; path = myTableViewCell.m; sourceTree = "<group>"; };
		311AF34420CA3DD200E41208 /* yearTableViewCell.xib */ = {isa = PBXFileReference; lastKnownFileType = file.xib; path = yearTableViewCell.xib; sourceTree = "<group>"; };
		311E0565213956F1001D0EAF /* yearCollectionViewCell.xib */ = {isa = PBXFileReference; lastKnownFileType = file.xib; path = yearCollectionViewCell.xib; sourceTree = "<group>"; };
		3139BCA82138152300194F01 /* yearCollectionViewController.h */ = {isa = PBXFileReference; lastKnownFileType = sourcecode.c.h; path = yearCollectionViewController.h; sourceTree = "<group>"; };
		3139BCA92138152300194F01 /* yearCollectionViewController.m */ = {isa = PBXFileReference; lastKnownFileType = sourcecode.c.objc; path = yearCollectionViewController.m; sourceTree = "<group>"; };
		3139BCAB2138287900194F01 /* yearCollectionViewCell.h */ = {isa = PBXFileReference; lastKnownFileType = sourcecode.c.h; path = yearCollectionViewCell.h; sourceTree = "<group>"; };
		3139BCAC2138287900194F01 /* yearCollectionViewCell.m */ = {isa = PBXFileReference; lastKnownFileType = sourcecode.c.objc; path = yearCollectionViewCell.m; sourceTree = "<group>"; };
		313C27BB1EC3DC7500869084 /* addEventViewController.h */ = {isa = PBXFileReference; fileEncoding = 4; lastKnownFileType = sourcecode.c.h; path = addEventViewController.h; sourceTree = "<group>"; };
		313C27BC1EC3DC7500869084 /* addEventViewController.m */ = {isa = PBXFileReference; fileEncoding = 4; lastKnownFileType = sourcecode.c.objc; path = addEventViewController.m; sourceTree = "<group>"; };
		313C27BE1EC4AFF900869084 /* topView.h */ = {isa = PBXFileReference; fileEncoding = 4; lastKnownFileType = sourcecode.c.h; path = topView.h; sourceTree = "<group>"; };
		313C27BF1EC4AFF900869084 /* topView.m */ = {isa = PBXFileReference; fileEncoding = 4; lastKnownFileType = sourcecode.c.objc; path = topView.m; sourceTree = "<group>"; };
		313C27C11EC4B1B100869084 /* topView.xib */ = {isa = PBXFileReference; fileEncoding = 4; lastKnownFileType = file.xib; path = topView.xib; sourceTree = "<group>"; };
		314036DF21344ADE00381C36 /* newYearTableViewCell.xib */ = {isa = PBXFileReference; lastKnownFileType = file.xib; path = newYearTableViewCell.xib; sourceTree = "<group>"; };
		315BB457213EF55900D7108C /* dayCollectionViewCell.h */ = {isa = PBXFileReference; lastKnownFileType = sourcecode.c.h; path = dayCollectionViewCell.h; sourceTree = "<group>"; };
		315BB458213EF55900D7108C /* dayCollectionViewCell.m */ = {isa = PBXFileReference; lastKnownFileType = sourcecode.c.objc; path = dayCollectionViewCell.m; sourceTree = "<group>"; };
		315BB459213EF55900D7108C /* dayCollectionViewCell.xib */ = {isa = PBXFileReference; lastKnownFileType = file.xib; path = dayCollectionViewCell.xib; sourceTree = "<group>"; };
		315BB464213FBBB900D7108C /* monthCollectionView.h */ = {isa = PBXFileReference; lastKnownFileType = sourcecode.c.h; path = monthCollectionView.h; sourceTree = "<group>"; };
		315BB465213FBBB900D7108C /* monthCollectionView.m */ = {isa = PBXFileReference; lastKnownFileType = sourcecode.c.objc; path = monthCollectionView.m; sourceTree = "<group>"; };
		316CA393211C78DF00EDCC91 /* navigationController.h */ = {isa = PBXFileReference; lastKnownFileType = sourcecode.c.h; path = navigationController.h; sourceTree = "<group>"; };
		316CA394211C78DF00EDCC91 /* navigationController.m */ = {isa = PBXFileReference; lastKnownFileType = sourcecode.c.objc; path = navigationController.m; sourceTree = "<group>"; };
		316CA396211C807700EDCC91 /* detailViewController.h */ = {isa = PBXFileReference; lastKnownFileType = sourcecode.c.h; path = detailViewController.h; sourceTree = "<group>"; };
		316CA397211C807700EDCC91 /* detailViewController.m */ = {isa = PBXFileReference; lastKnownFileType = sourcecode.c.objc; path = detailViewController.m; sourceTree = "<group>"; };
		31735DB520AC758300A66F36 /* yearTableViewController.h */ = {isa = PBXFileReference; lastKnownFileType = sourcecode.c.h; path = yearTableViewController.h; sourceTree = "<group>"; };
		31735DB620AC758300A66F36 /* yearTableViewController.m */ = {isa = PBXFileReference; lastKnownFileType = sourcecode.c.objc; path = yearTableViewController.m; sourceTree = "<group>"; };
		31735DB820AC77DA00A66F36 /* yearTableViewCell.h */ = {isa = PBXFileReference; lastKnownFileType = sourcecode.c.h; path = yearTableViewCell.h; sourceTree = "<group>"; };
		31735DB920AC77DA00A66F36 /* yearTableViewCell.m */ = {isa = PBXFileReference; lastKnownFileType = sourcecode.c.objc; path = yearTableViewCell.m; sourceTree = "<group>"; };
		31BE13062144360A00A54276 /* yearHeaderCollectionReusableView.h */ = {isa = PBXFileReference; lastKnownFileType = sourcecode.c.h; path = yearHeaderCollectionReusableView.h; sourceTree = "<group>"; };
		31BE13072144360A00A54276 /* yearHeaderCollectionReusableView.m */ = {isa = PBXFileReference; lastKnownFileType = sourcecode.c.objc; path = yearHeaderCollectionReusableView.m; sourceTree = "<group>"; };
		31BE130D21455D8900A54276 /* monthObject.h */ = {isa = PBXFileReference; lastKnownFileType = sourcecode.c.h; path = monthObject.h; sourceTree = "<group>"; };
		31BE130E21455D8900A54276 /* monthObject.m */ = {isa = PBXFileReference; lastKnownFileType = sourcecode.c.objc; path = monthObject.m; sourceTree = "<group>"; };
		31C4FB0E214FC9A000C9E962 /* firstWeekDayCollectionViewCell.h */ = {isa = PBXFileReference; lastKnownFileType = sourcecode.c.h; path = firstWeekDayCollectionViewCell.h; sourceTree = "<group>"; };
		31C4FB0F214FC9A000C9E962 /* firstWeekDayCollectionViewCell.m */ = {isa = PBXFileReference; lastKnownFileType = sourcecode.c.objc; path = firstWeekDayCollectionViewCell.m; sourceTree = "<group>"; };
		31C4FB10214FC9A000C9E962 /* firstWeekDayCollectionViewCell.xib */ = {isa = PBXFileReference; lastKnownFileType = file.xib; path = firstWeekDayCollectionViewCell.xib; sourceTree = "<group>"; };
		31CD51321ED9710A00E920E0 /* UITextField+IndexPath.h */ = {isa = PBXFileReference; fileEncoding = 4; lastKnownFileType = sourcecode.c.h; path = "UITextField+IndexPath.h"; sourceTree = "<group>"; };
		31CD51331ED9710A00E920E0 /* UITextField+IndexPath.m */ = {isa = PBXFileReference; fileEncoding = 4; lastKnownFileType = sourcecode.c.objc; path = "UITextField+IndexPath.m"; sourceTree = "<group>"; };
		31D0F81B1E12893700C5E515 /* MyCalender.app */ = {isa = PBXFileReference; explicitFileType = wrapper.application; includeInIndex = 0; path = MyCalender.app; sourceTree = BUILT_PRODUCTS_DIR; };
		31D0F81F1E12893700C5E515 /* main.m */ = {isa = PBXFileReference; lastKnownFileType = sourcecode.c.objc; path = main.m; sourceTree = "<group>"; };
		31D0F8211E12893700C5E515 /* AppDelegate.h */ = {isa = PBXFileReference; lastKnownFileType = sourcecode.c.h; path = AppDelegate.h; sourceTree = "<group>"; };
		31D0F8221E12893700C5E515 /* AppDelegate.m */ = {isa = PBXFileReference; lastKnownFileType = sourcecode.c.objc; path = AppDelegate.m; sourceTree = "<group>"; };
		31D0F8241E12893700C5E515 /* monthViewController.h */ = {isa = PBXFileReference; lastKnownFileType = sourcecode.c.h; path = monthViewController.h; sourceTree = "<group>"; };
		31D0F8251E12893700C5E515 /* monthViewController.m */ = {isa = PBXFileReference; lastKnownFileType = sourcecode.c.objc; path = monthViewController.m; sourceTree = "<group>"; };
		31D0F8281E12893700C5E515 /* Base */ = {isa = PBXFileReference; lastKnownFileType = file.storyboard; name = Base; path = Base.lproj/Main.storyboard; sourceTree = "<group>"; };
		31D0F82A1E12893700C5E515 /* Assets.xcassets */ = {isa = PBXFileReference; lastKnownFileType = folder.assetcatalog; path = Assets.xcassets; sourceTree = "<group>"; };
		31D0F82D1E12893700C5E515 /* Base */ = {isa = PBXFileReference; lastKnownFileType = file.storyboard; name = Base; path = Base.lproj/LaunchScreen.storyboard; sourceTree = "<group>"; };
		31D0F82F1E12893700C5E515 /* Info.plist */ = {isa = PBXFileReference; lastKnownFileType = text.plist.xml; path = Info.plist; sourceTree = "<group>"; };
		31D0F8341E12893700C5E515 /* MyCalenderTests.xctest */ = {isa = PBXFileReference; explicitFileType = wrapper.cfbundle; includeInIndex = 0; path = MyCalenderTests.xctest; sourceTree = BUILT_PRODUCTS_DIR; };
		31D0F8381E12893700C5E515 /* MyCalenderTests.m */ = {isa = PBXFileReference; lastKnownFileType = sourcecode.c.objc; path = MyCalenderTests.m; sourceTree = "<group>"; };
		31D0F83A1E12893700C5E515 /* Info.plist */ = {isa = PBXFileReference; lastKnownFileType = text.plist.xml; path = Info.plist; sourceTree = "<group>"; };
		31D0F83F1E12893700C5E515 /* MyCalenderUITests.xctest */ = {isa = PBXFileReference; explicitFileType = wrapper.cfbundle; includeInIndex = 0; path = MyCalenderUITests.xctest; sourceTree = BUILT_PRODUCTS_DIR; };
		31D0F8431E12893700C5E515 /* MyCalenderUITests.m */ = {isa = PBXFileReference; lastKnownFileType = sourcecode.c.objc; path = MyCalenderUITests.m; sourceTree = "<group>"; };
		31D0F8451E12893700C5E515 /* Info.plist */ = {isa = PBXFileReference; lastKnownFileType = text.plist.xml; path = Info.plist; sourceTree = "<group>"; };
		31E57385214C05BB00629891 /* monthCollectionViewController.h */ = {isa = PBXFileReference; lastKnownFileType = sourcecode.c.h; path = monthCollectionViewController.h; sourceTree = "<group>"; };
		31E57386214C05BB00629891 /* monthCollectionViewController.m */ = {isa = PBXFileReference; lastKnownFileType = sourcecode.c.objc; path = monthCollectionViewController.m; sourceTree = "<group>"; };
		31E5738C214CF5B400629891 /* monthHeaderView.xib */ = {isa = PBXFileReference; lastKnownFileType = file.xib; path = monthHeaderView.xib; sourceTree = "<group>"; };
		31E5738E214D283100629891 /* monthHeaderView.h */ = {isa = PBXFileReference; lastKnownFileType = sourcecode.c.h; path = monthHeaderView.h; sourceTree = "<group>"; };
		31E5738F214D283100629891 /* monthHeaderView.m */ = {isa = PBXFileReference; lastKnownFileType = sourcecode.c.objc; path = monthHeaderView.m; sourceTree = "<group>"; };
		31F2032620FC4C8C00DA736C /* MyCollectionViewCell.h */ = {isa = PBXFileReference; lastKnownFileType = sourcecode.c.h; path = MyCollectionViewCell.h; sourceTree = "<group>"; };
		31F2032720FC4C8C00DA736C /* MyCollectionViewCell.m */ = {isa = PBXFileReference; lastKnownFileType = sourcecode.c.objc; path = MyCollectionViewCell.m; sourceTree = "<group>"; };
		31F2032920FC6A0600DA736C /* collectionViewController.h */ = {isa = PBXFileReference; lastKnownFileType = sourcecode.c.h; path = collectionViewController.h; sourceTree = "<group>"; };
		31F2032A20FC6A0600DA736C /* collectionViewController.m */ = {isa = PBXFileReference; lastKnownFileType = sourcecode.c.objc; path = collectionViewController.m; sourceTree = "<group>"; };
		76ADAB1AC488346779C26531 /* Pods-MyCalenderTests.debug.xcconfig */ = {isa = PBXFileReference; includeInIndex = 1; lastKnownFileType = text.xcconfig; name = "Pods-MyCalenderTests.debug.xcconfig"; path = "Pods/Target Support Files/Pods-MyCalenderTests/Pods-MyCalenderTests.debug.xcconfig"; sourceTree = "<group>"; };
		89189E02399FF5554F36AA7E /* Pods-MyCalenderUITests.debug.xcconfig */ = {isa = PBXFileReference; includeInIndex = 1; lastKnownFileType = text.xcconfig; name = "Pods-MyCalenderUITests.debug.xcconfig"; path = "Pods/Target Support Files/Pods-MyCalenderUITests/Pods-MyCalenderUITests.debug.xcconfig"; sourceTree = "<group>"; };
		A8F866B078162FB5C499B47C /* Pods-MyCalenderTests.release.xcconfig */ = {isa = PBXFileReference; includeInIndex = 1; lastKnownFileType = text.xcconfig; name = "Pods-MyCalenderTests.release.xcconfig"; path = "Pods/Target Support Files/Pods-MyCalenderTests/Pods-MyCalenderTests.release.xcconfig"; sourceTree = "<group>"; };
		B10BDCCB75C1875772938F2A /* Pods-MyCalender.debug.xcconfig */ = {isa = PBXFileReference; includeInIndex = 1; lastKnownFileType = text.xcconfig; name = "Pods-MyCalender.debug.xcconfig"; path = "Pods/Target Support Files/Pods-MyCalender/Pods-MyCalender.debug.xcconfig"; sourceTree = "<group>"; };
		B9BB177AB6D107747548D87A /* Pods-MyCalender.release.xcconfig */ = {isa = PBXFileReference; includeInIndex = 1; lastKnownFileType = text.xcconfig; name = "Pods-MyCalender.release.xcconfig"; path = "Pods/Target Support Files/Pods-MyCalender/Pods-MyCalender.release.xcconfig"; sourceTree = "<group>"; };
		DFC7B76FAB83CB1EB32DFFA4 /* Pods-MyCalenderUITests.release.xcconfig */ = {isa = PBXFileReference; includeInIndex = 1; lastKnownFileType = text.xcconfig; name = "Pods-MyCalenderUITests.release.xcconfig"; path = "Pods/Target Support Files/Pods-MyCalenderUITests/Pods-MyCalenderUITests.release.xcconfig"; sourceTree = "<group>"; };
		E17B1BD07D6D27F33B0A3B07 /* Pods_MyCalenderTests.framework */ = {isa = PBXFileReference; explicitFileType = wrapper.framework; includeInIndex = 0; path = Pods_MyCalenderTests.framework; sourceTree = BUILT_PRODUCTS_DIR; };
		EC63D55B7BC8FF04B85B83E4 /* Pods_MyCalenderUITests.framework */ = {isa = PBXFileReference; explicitFileType = wrapper.framework; includeInIndex = 0; path = Pods_MyCalenderUITests.framework; sourceTree = BUILT_PRODUCTS_DIR; };
		FBC6CFE2ADB5FE6946A9DDDF /* Pods_MyCalender.framework */ = {isa = PBXFileReference; explicitFileType = wrapper.framework; includeInIndex = 0; path = Pods_MyCalender.framework; sourceTree = BUILT_PRODUCTS_DIR; };
/* End PBXFileReference section */

/* Begin PBXFrameworksBuildPhase section */
		31D0F8181E12893700C5E515 /* Frameworks */ = {
			isa = PBXFrameworksBuildPhase;
			buildActionMask = 2147483647;
			files = (
				4BFA783E2FA52597F373E8B0 /* Pods_MyCalender.framework in Frameworks */,
			);
			runOnlyForDeploymentPostprocessing = 0;
		};
		31D0F8311E12893700C5E515 /* Frameworks */ = {
			isa = PBXFrameworksBuildPhase;
			buildActionMask = 2147483647;
			files = (
				982F855594BF110D148BE049 /* Pods_MyCalenderTests.framework in Frameworks */,
			);
			runOnlyForDeploymentPostprocessing = 0;
		};
		31D0F83C1E12893700C5E515 /* Frameworks */ = {
			isa = PBXFrameworksBuildPhase;
			buildActionMask = 2147483647;
			files = (
				09F3812DF06B889B323F29E3 /* Pods_MyCalenderUITests.framework in Frameworks */,
			);
			runOnlyForDeploymentPostprocessing = 0;
		};
/* End PBXFrameworksBuildPhase section */

/* Begin PBXGroup section */
		311AF33D20AE84D900E41208 /* yearTableViewCell */ = {
			isa = PBXGroup;
			children = (
				31735DB820AC77DA00A66F36 /* yearTableViewCell.h */,
				31735DB920AC77DA00A66F36 /* yearTableViewCell.m */,
				311AF34420CA3DD200E41208 /* yearTableViewCell.xib */,
				314036DF21344ADE00381C36 /* newYearTableViewCell.xib */,
			);
			name = yearTableViewCell;
			sourceTree = "<group>";
		};
		3139BCA42138144F00194F01 /* yearCollectionView */ = {
			isa = PBXGroup;
			children = (
				3139BCA82138152300194F01 /* yearCollectionViewController.h */,
				3139BCA92138152300194F01 /* yearCollectionViewController.m */,
				3139BCAB2138287900194F01 /* yearCollectionViewCell.h */,
				3139BCAC2138287900194F01 /* yearCollectionViewCell.m */,
				311E0565213956F1001D0EAF /* yearCollectionViewCell.xib */,
				31BE13062144360A00A54276 /* yearHeaderCollectionReusableView.h */,
				31BE13072144360A00A54276 /* yearHeaderCollectionReusableView.m */,
			);
			name = yearCollectionView;
			sourceTree = "<group>";
		};
		315BB451213EF48600D7108C /* monthCollectionView */ = {
			isa = PBXGroup;
			children = (
				315BB457213EF55900D7108C /* dayCollectionViewCell.h */,
				315BB458213EF55900D7108C /* dayCollectionViewCell.m */,
				315BB459213EF55900D7108C /* dayCollectionViewCell.xib */,
				315BB464213FBBB900D7108C /* monthCollectionView.h */,
				315BB465213FBBB900D7108C /* monthCollectionView.m */,
				31E57385214C05BB00629891 /* monthCollectionViewController.h */,
				31E57386214C05BB00629891 /* monthCollectionViewController.m */,
				31E5738C214CF5B400629891 /* monthHeaderView.xib */,
				31E5738E214D283100629891 /* monthHeaderView.h */,
				31E5738F214D283100629891 /* monthHeaderView.m */,
				31C4FB0E214FC9A000C9E962 /* firstWeekDayCollectionViewCell.h */,
				31C4FB0F214FC9A000C9E962 /* firstWeekDayCollectionViewCell.m */,
				31C4FB10214FC9A000C9E962 /* firstWeekDayCollectionViewCell.xib */,
			);
			name = monthCollectionView;
			sourceTree = "<group>";
		};
		31BE130C21455D6800A54276 /* monthObject */ = {
			isa = PBXGroup;
			children = (
				31BE130D21455D8900A54276 /* monthObject.h */,
				31BE130E21455D8900A54276 /* monthObject.m */,
			);
			name = monthObject;
			sourceTree = "<group>";
		};
		31D0F8121E12893700C5E515 = {
			isa = PBXGroup;
			children = (
				31D0F81D1E12893700C5E515 /* MyCalender */,
				31D0F8371E12893700C5E515 /* MyCalenderTests */,
				31D0F8421E12893700C5E515 /* MyCalenderUITests */,
				31D0F81C1E12893700C5E515 /* Products */,
				83309A4CE93E4E0DAB90B7CD /* Pods */,
				89908154EDF4DFFD217EB9A7 /* Frameworks */,
			);
			sourceTree = "<group>";
		};
		31D0F81C1E12893700C5E515 /* Products */ = {
			isa = PBXGroup;
			children = (
				31D0F81B1E12893700C5E515 /* MyCalender.app */,
				31D0F8341E12893700C5E515 /* MyCalenderTests.xctest */,
				31D0F83F1E12893700C5E515 /* MyCalenderUITests.xctest */,
			);
			name = Products;
			sourceTree = "<group>";
		};
		31D0F81D1E12893700C5E515 /* MyCalender */ = {
			isa = PBXGroup;
			children = (
				31BE130C21455D6800A54276 /* monthObject */,
				315BB451213EF48600D7108C /* monthCollectionView */,
				3139BCA42138144F00194F01 /* yearCollectionView */,
				31F2032520FC4BFF00DA736C /* MyCollectionViewCell */,
				311AF33D20AE84D900E41208 /* yearTableViewCell */,
				31D0F8211E12893700C5E515 /* AppDelegate.h */,
				31D0F8221E12893700C5E515 /* AppDelegate.m */,
				31D0F8241E12893700C5E515 /* monthViewController.h */,
				31D0F8251E12893700C5E515 /* monthViewController.m */,
				31D0F8271E12893700C5E515 /* Main.storyboard */,
				31D0F82A1E12893700C5E515 /* Assets.xcassets */,
				31D0F82C1E12893700C5E515 /* LaunchScreen.storyboard */,
				31D0F82F1E12893700C5E515 /* Info.plist */,
				31D0F81E1E12893700C5E515 /* Supporting Files */,
				313C27BB1EC3DC7500869084 /* addEventViewController.h */,
				313C27BC1EC3DC7500869084 /* addEventViewController.m */,
				313C27BE1EC4AFF900869084 /* topView.h */,
				313C27BF1EC4AFF900869084 /* topView.m */,
				313C27C11EC4B1B100869084 /* topView.xib */,
				31003FF31EC8CE9800DE21C8 /* myTableViewCell.h */,
				31003FF41EC8CE9800DE21C8 /* myTableViewCell.m */,
				31CD51321ED9710A00E920E0 /* UITextField+IndexPath.h */,
				31CD51331ED9710A00E920E0 /* UITextField+IndexPath.m */,
				31735DB520AC758300A66F36 /* yearTableViewController.h */,
				31735DB620AC758300A66F36 /* yearTableViewController.m */,
				316CA393211C78DF00EDCC91 /* navigationController.h */,
				316CA394211C78DF00EDCC91 /* navigationController.m */,
				316CA396211C807700EDCC91 /* detailViewController.h */,
				316CA397211C807700EDCC91 /* detailViewController.m */,
			);
			path = MyCalender;
			sourceTree = "<group>";
		};
		31D0F81E1E12893700C5E515 /* Supporting Files */ = {
			isa = PBXGroup;
			children = (
				31D0F81F1E12893700C5E515 /* main.m */,
			);
			name = "Supporting Files";
			sourceTree = "<group>";
		};
		31D0F8371E12893700C5E515 /* MyCalenderTests */ = {
			isa = PBXGroup;
			children = (
				31D0F8381E12893700C5E515 /* MyCalenderTests.m */,
				31D0F83A1E12893700C5E515 /* Info.plist */,
			);
			path = MyCalenderTests;
			sourceTree = "<group>";
		};
		31D0F8421E12893700C5E515 /* MyCalenderUITests */ = {
			isa = PBXGroup;
			children = (
				31D0F8431E12893700C5E515 /* MyCalenderUITests.m */,
				31D0F8451E12893700C5E515 /* Info.plist */,
			);
			path = MyCalenderUITests;
			sourceTree = "<group>";
		};
		31F2032520FC4BFF00DA736C /* MyCollectionViewCell */ = {
			isa = PBXGroup;
			children = (
				31F2032620FC4C8C00DA736C /* MyCollectionViewCell.h */,
				31F2032720FC4C8C00DA736C /* MyCollectionViewCell.m */,
				31F2032920FC6A0600DA736C /* collectionViewController.h */,
				31F2032A20FC6A0600DA736C /* collectionViewController.m */,
			);
			name = MyCollectionViewCell;
			sourceTree = "<group>";
		};
		83309A4CE93E4E0DAB90B7CD /* Pods */ = {
			isa = PBXGroup;
			children = (
				B10BDCCB75C1875772938F2A /* Pods-MyCalender.debug.xcconfig */,
				B9BB177AB6D107747548D87A /* Pods-MyCalender.release.xcconfig */,
				76ADAB1AC488346779C26531 /* Pods-MyCalenderTests.debug.xcconfig */,
				A8F866B078162FB5C499B47C /* Pods-MyCalenderTests.release.xcconfig */,
				89189E02399FF5554F36AA7E /* Pods-MyCalenderUITests.debug.xcconfig */,
				DFC7B76FAB83CB1EB32DFFA4 /* Pods-MyCalenderUITests.release.xcconfig */,
			);
			name = Pods;
			sourceTree = "<group>";
		};
		89908154EDF4DFFD217EB9A7 /* Frameworks */ = {
			isa = PBXGroup;
			children = (
				FBC6CFE2ADB5FE6946A9DDDF /* Pods_MyCalender.framework */,
				E17B1BD07D6D27F33B0A3B07 /* Pods_MyCalenderTests.framework */,
				EC63D55B7BC8FF04B85B83E4 /* Pods_MyCalenderUITests.framework */,
			);
			name = Frameworks;
			sourceTree = "<group>";
		};
/* End PBXGroup section */

/* Begin PBXNativeTarget section */
		31D0F81A1E12893700C5E515 /* MyCalender */ = {
			isa = PBXNativeTarget;
			buildConfigurationList = 31D0F8481E12893700C5E515 /* Build configuration list for PBXNativeTarget "MyCalender" */;
			buildPhases = (
				ED2D35AAB2C8E0848626848B /* [CP] Check Pods Manifest.lock */,
				31D0F8171E12893700C5E515 /* Sources */,
				31D0F8181E12893700C5E515 /* Frameworks */,
				31D0F8191E12893700C5E515 /* Resources */,
				39A94B0793F423F0B96191A0 /* [CP] Embed Pods Frameworks */,
			);
			buildRules = (
			);
			dependencies = (
			);
			name = MyCalender;
			productName = MyCalender;
			productReference = 31D0F81B1E12893700C5E515 /* MyCalender.app */;
			productType = "com.apple.product-type.application";
		};
		31D0F8331E12893700C5E515 /* MyCalenderTests */ = {
			isa = PBXNativeTarget;
			buildConfigurationList = 31D0F84B1E12893700C5E515 /* Build configuration list for PBXNativeTarget "MyCalenderTests" */;
			buildPhases = (
				3F5833B114FFF1FE56E9D97E /* [CP] Check Pods Manifest.lock */,
				31D0F8301E12893700C5E515 /* Sources */,
				31D0F8311E12893700C5E515 /* Frameworks */,
				31D0F8321E12893700C5E515 /* Resources */,
			);
			buildRules = (
			);
			dependencies = (
				31D0F8361E12893700C5E515 /* PBXTargetDependency */,
			);
			name = MyCalenderTests;
			productName = MyCalenderTests;
			productReference = 31D0F8341E12893700C5E515 /* MyCalenderTests.xctest */;
			productType = "com.apple.product-type.bundle.unit-test";
		};
		31D0F83E1E12893700C5E515 /* MyCalenderUITests */ = {
			isa = PBXNativeTarget;
			buildConfigurationList = 31D0F84E1E12893700C5E515 /* Build configuration list for PBXNativeTarget "MyCalenderUITests" */;
			buildPhases = (
				750B249AB43334DB1D96D067 /* [CP] Check Pods Manifest.lock */,
				31D0F83B1E12893700C5E515 /* Sources */,
				31D0F83C1E12893700C5E515 /* Frameworks */,
				31D0F83D1E12893700C5E515 /* Resources */,
			);
			buildRules = (
			);
			dependencies = (
				31D0F8411E12893700C5E515 /* PBXTargetDependency */,
			);
			name = MyCalenderUITests;
			productName = MyCalenderUITests;
			productReference = 31D0F83F1E12893700C5E515 /* MyCalenderUITests.xctest */;
			productType = "com.apple.product-type.bundle.ui-testing";
		};
/* End PBXNativeTarget section */

/* Begin PBXProject section */
		31D0F8131E12893700C5E515 /* Project object */ = {
			isa = PBXProject;
			attributes = {
				LastUpgradeCheck = 0930;
				ORGANIZATIONNAME = "LAI KIN WA";
				TargetAttributes = {
					31D0F81A1E12893700C5E515 = {
						CreatedOnToolsVersion = 8.0;
						DevelopmentTeam = MW8RCX394X;
						LastSwiftMigration = 0940;
						ProvisioningStyle = Automatic;
					};
					31D0F8331E12893700C5E515 = {
						CreatedOnToolsVersion = 8.0;
						ProvisioningStyle = Automatic;
						TestTargetID = 31D0F81A1E12893700C5E515;
					};
					31D0F83E1E12893700C5E515 = {
						CreatedOnToolsVersion = 8.0;
						ProvisioningStyle = Automatic;
						TestTargetID = 31D0F81A1E12893700C5E515;
					};
				};
			};
			buildConfigurationList = 31D0F8161E12893700C5E515 /* Build configuration list for PBXProject "MyCalender" */;
			compatibilityVersion = "Xcode 3.2";
			developmentRegion = English;
			hasScannedForEncodings = 0;
			knownRegions = (
				en,
				Base,
			);
			mainGroup = 31D0F8121E12893700C5E515;
			productRefGroup = 31D0F81C1E12893700C5E515 /* Products */;
			projectDirPath = "";
			projectRoot = "";
			targets = (
				31D0F81A1E12893700C5E515 /* MyCalender */,
				31D0F8331E12893700C5E515 /* MyCalenderTests */,
				31D0F83E1E12893700C5E515 /* MyCalenderUITests */,
			);
		};
/* End PBXProject section */

/* Begin PBXResourcesBuildPhase section */
		31D0F8191E12893700C5E515 /* Resources */ = {
			isa = PBXResourcesBuildPhase;
			buildActionMask = 2147483647;
			files = (
				31D0F82E1E12893700C5E515 /* LaunchScreen.storyboard in Resources */,
				315BB45B213EF55900D7108C /* dayCollectionViewCell.xib in Resources */,
				31D0F82B1E12893700C5E515 /* Assets.xcassets in Resources */,
				313C27C21EC4B1B100869084 /* topView.xib in Resources */,
				31C4FB12214FC9A000C9E962 /* firstWeekDayCollectionViewCell.xib in Resources */,
				31E5738D214CF5B400629891 /* monthHeaderView.xib in Resources */,
				311E0566213956F1001D0EAF /* yearCollectionViewCell.xib in Resources */,
				31D0F8291E12893700C5E515 /* Main.storyboard in Resources */,
				311AF34520CA3DD200E41208 /* yearTableViewCell.xib in Resources */,
				314036E021344ADE00381C36 /* newYearTableViewCell.xib in Resources */,
			);
			runOnlyForDeploymentPostprocessing = 0;
		};
		31D0F8321E12893700C5E515 /* Resources */ = {
			isa = PBXResourcesBuildPhase;
			buildActionMask = 2147483647;
			files = (
			);
			runOnlyForDeploymentPostprocessing = 0;
		};
		31D0F83D1E12893700C5E515 /* Resources */ = {
			isa = PBXResourcesBuildPhase;
			buildActionMask = 2147483647;
			files = (
			);
			runOnlyForDeploymentPostprocessing = 0;
		};
/* End PBXResourcesBuildPhase section */

/* Begin PBXShellScriptBuildPhase section */
		39A94B0793F423F0B96191A0 /* [CP] Embed Pods Frameworks */ = {
			isa = PBXShellScriptBuildPhase;
			buildActionMask = 2147483647;
			files = (
			);
			inputPaths = (
				"${SRCROOT}/Pods/Target Support Files/Pods-MyCalender/Pods-MyCalender-frameworks.sh",
				"${BUILT_PRODUCTS_DIR}/RSDayFlow/RSDayFlow.framework",
				"${BUILT_PRODUCTS_DIR}/SSCalendar/SSCalendar.framework",
				"${BUILT_PRODUCTS_DIR}/ZOZolaZoomTransition/ZOZolaZoomTransition.framework",
			);
			name = "[CP] Embed Pods Frameworks";
			outputPaths = (
				"${TARGET_BUILD_DIR}/${FRAMEWORKS_FOLDER_PATH}/RSDayFlow.framework",
				"${TARGET_BUILD_DIR}/${FRAMEWORKS_FOLDER_PATH}/SSCalendar.framework",
				"${TARGET_BUILD_DIR}/${FRAMEWORKS_FOLDER_PATH}/ZOZolaZoomTransition.framework",
			);
			runOnlyForDeploymentPostprocessing = 0;
			shellPath = /bin/sh;
			shellScript = "\"${SRCROOT}/Pods/Target Support Files/Pods-MyCalender/Pods-MyCalender-frameworks.sh\"\n";
			showEnvVarsInLog = 0;
		};
		3F5833B114FFF1FE56E9D97E /* [CP] Check Pods Manifest.lock */ = {
			isa = PBXShellScriptBuildPhase;
			buildActionMask = 2147483647;
			files = (
			);
			inputPaths = (
				"${PODS_PODFILE_DIR_PATH}/Podfile.lock",
				"${PODS_ROOT}/Manifest.lock",
			);
			name = "[CP] Check Pods Manifest.lock";
			outputPaths = (
				"$(DERIVED_FILE_DIR)/Pods-MyCalenderTests-checkManifestLockResult.txt",
			);
			runOnlyForDeploymentPostprocessing = 0;
			shellPath = /bin/sh;
			shellScript = "diff \"${PODS_PODFILE_DIR_PATH}/Podfile.lock\" \"${PODS_ROOT}/Manifest.lock\" > /dev/null\nif [ $? != 0 ] ; then\n    # print error to STDERR\n    echo \"error: The sandbox is not in sync with the Podfile.lock. Run 'pod install' or update your CocoaPods installation.\" >&2\n    exit 1\nfi\n# This output is used by Xcode 'outputs' to avoid re-running this script phase.\necho \"SUCCESS\" > \"${SCRIPT_OUTPUT_FILE_0}\"\n";
			showEnvVarsInLog = 0;
		};
		750B249AB43334DB1D96D067 /* [CP] Check Pods Manifest.lock */ = {
			isa = PBXShellScriptBuildPhase;
			buildActionMask = 2147483647;
			files = (
			);
			inputPaths = (
				"${PODS_PODFILE_DIR_PATH}/Podfile.lock",
				"${PODS_ROOT}/Manifest.lock",
			);
			name = "[CP] Check Pods Manifest.lock";
			outputPaths = (
				"$(DERIVED_FILE_DIR)/Pods-MyCalenderUITests-checkManifestLockResult.txt",
			);
			runOnlyForDeploymentPostprocessing = 0;
			shellPath = /bin/sh;
			shellScript = "diff \"${PODS_PODFILE_DIR_PATH}/Podfile.lock\" \"${PODS_ROOT}/Manifest.lock\" > /dev/null\nif [ $? != 0 ] ; then\n    # print error to STDERR\n    echo \"error: The sandbox is not in sync with the Podfile.lock. Run 'pod install' or update your CocoaPods installation.\" >&2\n    exit 1\nfi\n# This output is used by Xcode 'outputs' to avoid re-running this script phase.\necho \"SUCCESS\" > \"${SCRIPT_OUTPUT_FILE_0}\"\n";
			showEnvVarsInLog = 0;
		};
		ED2D35AAB2C8E0848626848B /* [CP] Check Pods Manifest.lock */ = {
			isa = PBXShellScriptBuildPhase;
			buildActionMask = 2147483647;
			files = (
			);
			inputPaths = (
				"${PODS_PODFILE_DIR_PATH}/Podfile.lock",
				"${PODS_ROOT}/Manifest.lock",
			);
			name = "[CP] Check Pods Manifest.lock";
			outputPaths = (
				"$(DERIVED_FILE_DIR)/Pods-MyCalender-checkManifestLockResult.txt",
			);
			runOnlyForDeploymentPostprocessing = 0;
			shellPath = /bin/sh;
			shellScript = "diff \"${PODS_PODFILE_DIR_PATH}/Podfile.lock\" \"${PODS_ROOT}/Manifest.lock\" > /dev/null\nif [ $? != 0 ] ; then\n    # print error to STDERR\n    echo \"error: The sandbox is not in sync with the Podfile.lock. Run 'pod install' or update your CocoaPods installation.\" >&2\n    exit 1\nfi\n# This output is used by Xcode 'outputs' to avoid re-running this script phase.\necho \"SUCCESS\" > \"${SCRIPT_OUTPUT_FILE_0}\"\n";
			showEnvVarsInLog = 0;
		};
/* End PBXShellScriptBuildPhase section */

/* Begin PBXSourcesBuildPhase section */
		31D0F8171E12893700C5E515 /* Sources */ = {
			isa = PBXSourcesBuildPhase;
			buildActionMask = 2147483647;
			files = (
				313C27BD1EC3DC7500869084 /* addEventViewController.m in Sources */,
				315BB45A213EF55900D7108C /* dayCollectionViewCell.m in Sources */,
				31E57390214D283100629891 /* monthHeaderView.m in Sources */,
				31BE13082144360A00A54276 /* yearHeaderCollectionReusableView.m in Sources */,
				31CD51341ED9710A00E920E0 /* UITextField+IndexPath.m in Sources */,
				316CA395211C78DF00EDCC91 /* navigationController.m in Sources */,
				31BE130F21455D8900A54276 /* monthObject.m in Sources */,
				316CA398211C807700EDCC91 /* detailViewController.m in Sources */,
				31C4FB11214FC9A000C9E962 /* firstWeekDayCollectionViewCell.m in Sources */,
				3139BCAA2138152300194F01 /* yearCollectionViewController.m in Sources */,
				31D0F8261E12893700C5E515 /* monthViewController.m in Sources */,
				31E57387214C05BB00629891 /* monthCollectionViewController.m in Sources */,
				315BB466213FBBB900D7108C /* monthCollectionView.m in Sources */,
				313C27C01EC4AFF900869084 /* topView.m in Sources */,
				31F2032820FC4C8C00DA736C /* MyCollectionViewCell.m in Sources */,
				31F2032B20FC6A0600DA736C /* collectionViewController.m in Sources */,
				31735DB720AC758300A66F36 /* yearTableViewController.m in Sources */,
				31003FF51EC8CE9800DE21C8 /* myTableViewCell.m in Sources */,
				3139BCAD2138287900194F01 /* yearCollectionViewCell.m in Sources */,
				31D0F8231E12893700C5E515 /* AppDelegate.m in Sources */,
				31735DBA20AC77DA00A66F36 /* yearTableViewCell.m in Sources */,
				31D0F8201E12893700C5E515 /* main.m in Sources */,
			);
			runOnlyForDeploymentPostprocessing = 0;
		};
		31D0F8301E12893700C5E515 /* Sources */ = {
			isa = PBXSourcesBuildPhase;
			buildActionMask = 2147483647;
			files = (
				31D0F8391E12893700C5E515 /* MyCalenderTests.m in Sources */,
			);
			runOnlyForDeploymentPostprocessing = 0;
		};
		31D0F83B1E12893700C5E515 /* Sources */ = {
			isa = PBXSourcesBuildPhase;
			buildActionMask = 2147483647;
			files = (
				31D0F8441E12893700C5E515 /* MyCalenderUITests.m in Sources */,
			);
			runOnlyForDeploymentPostprocessing = 0;
		};
/* End PBXSourcesBuildPhase section */

/* Begin PBXTargetDependency section */
		31D0F8361E12893700C5E515 /* PBXTargetDependency */ = {
			isa = PBXTargetDependency;
			target = 31D0F81A1E12893700C5E515 /* MyCalender */;
			targetProxy = 31D0F8351E12893700C5E515 /* PBXContainerItemProxy */;
		};
		31D0F8411E12893700C5E515 /* PBXTargetDependency */ = {
			isa = PBXTargetDependency;
			target = 31D0F81A1E12893700C5E515 /* MyCalender */;
			targetProxy = 31D0F8401E12893700C5E515 /* PBXContainerItemProxy */;
		};
/* End PBXTargetDependency section */

/* Begin PBXVariantGroup section */
		31D0F8271E12893700C5E515 /* Main.storyboard */ = {
			isa = PBXVariantGroup;
			children = (
				31D0F8281E12893700C5E515 /* Base */,
			);
			name = Main.storyboard;
			sourceTree = "<group>";
		};
		31D0F82C1E12893700C5E515 /* LaunchScreen.storyboard */ = {
			isa = PBXVariantGroup;
			children = (
				31D0F82D1E12893700C5E515 /* Base */,
			);
			name = LaunchScreen.storyboard;
			sourceTree = "<group>";
		};
/* End PBXVariantGroup section */

/* Begin XCBuildConfiguration section */
		31D0F8461E12893700C5E515 /* Debug */ = {
			isa = XCBuildConfiguration;
			buildSettings = {
				ALWAYS_SEARCH_USER_PATHS = NO;
				CLANG_ANALYZER_NONNULL = YES;
				CLANG_CXX_LANGUAGE_STANDARD = "gnu++0x";
				CLANG_CXX_LIBRARY = "libc++";
				CLANG_ENABLE_MODULES = YES;
				CLANG_ENABLE_OBJC_ARC = YES;
				CLANG_WARN_BLOCK_CAPTURE_AUTORELEASING = YES;
				CLANG_WARN_BOOL_CONVERSION = YES;
				CLANG_WARN_COMMA = YES;
				CLANG_WARN_CONSTANT_CONVERSION = YES;
				CLANG_WARN_DEPRECATED_OBJC_IMPLEMENTATIONS = YES;
				CLANG_WARN_DIRECT_OBJC_ISA_USAGE = YES_ERROR;
				CLANG_WARN_DOCUMENTATION_COMMENTS = YES;
				CLANG_WARN_EMPTY_BODY = YES;
				CLANG_WARN_ENUM_CONVERSION = YES;
				CLANG_WARN_INFINITE_RECURSION = YES;
				CLANG_WARN_INT_CONVERSION = YES;
				CLANG_WARN_NON_LITERAL_NULL_CONVERSION = YES;
				CLANG_WARN_OBJC_IMPLICIT_RETAIN_SELF = YES;
				CLANG_WARN_OBJC_LITERAL_CONVERSION = YES;
				CLANG_WARN_OBJC_ROOT_CLASS = YES_ERROR;
				CLANG_WARN_RANGE_LOOP_ANALYSIS = YES;
				CLANG_WARN_STRICT_PROTOTYPES = YES;
				CLANG_WARN_SUSPICIOUS_MOVE = YES;
				CLANG_WARN_SUSPICIOUS_MOVES = YES;
				CLANG_WARN_UNREACHABLE_CODE = YES;
				CLANG_WARN__DUPLICATE_METHOD_MATCH = YES;
				"CODE_SIGN_IDENTITY[sdk=iphoneos*]" = "iPhone Developer";
				COPY_PHASE_STRIP = NO;
				DEBUG_INFORMATION_FORMAT = dwarf;
				ENABLE_STRICT_OBJC_MSGSEND = YES;
				ENABLE_TESTABILITY = YES;
				GCC_C_LANGUAGE_STANDARD = gnu99;
				GCC_DYNAMIC_NO_PIC = NO;
				GCC_NO_COMMON_BLOCKS = YES;
				GCC_OPTIMIZATION_LEVEL = 0;
				GCC_PREPROCESSOR_DEFINITIONS = (
					"DEBUG=1",
					"$(inherited)",
				);
				GCC_WARN_64_TO_32_BIT_CONVERSION = YES;
				GCC_WARN_ABOUT_RETURN_TYPE = YES_ERROR;
				GCC_WARN_UNDECLARED_SELECTOR = YES;
				GCC_WARN_UNINITIALIZED_AUTOS = YES_AGGRESSIVE;
				GCC_WARN_UNUSED_FUNCTION = YES;
				GCC_WARN_UNUSED_VARIABLE = YES;
				IPHONEOS_DEPLOYMENT_TARGET = 10.0;
				MTL_ENABLE_DEBUG_INFO = YES;
				ONLY_ACTIVE_ARCH = YES;
				SDKROOT = iphoneos;
				TARGETED_DEVICE_FAMILY = "1,2";
			};
			name = Debug;
		};
		31D0F8471E12893700C5E515 /* Release */ = {
			isa = XCBuildConfiguration;
			buildSettings = {
				ALWAYS_SEARCH_USER_PATHS = NO;
				CLANG_ANALYZER_NONNULL = YES;
				CLANG_CXX_LANGUAGE_STANDARD = "gnu++0x";
				CLANG_CXX_LIBRARY = "libc++";
				CLANG_ENABLE_MODULES = YES;
				CLANG_ENABLE_OBJC_ARC = YES;
				CLANG_WARN_BLOCK_CAPTURE_AUTORELEASING = YES;
				CLANG_WARN_BOOL_CONVERSION = YES;
				CLANG_WARN_COMMA = YES;
				CLANG_WARN_CONSTANT_CONVERSION = YES;
				CLANG_WARN_DEPRECATED_OBJC_IMPLEMENTATIONS = YES;
				CLANG_WARN_DIRECT_OBJC_ISA_USAGE = YES_ERROR;
				CLANG_WARN_DOCUMENTATION_COMMENTS = YES;
				CLANG_WARN_EMPTY_BODY = YES;
				CLANG_WARN_ENUM_CONVERSION = YES;
				CLANG_WARN_INFINITE_RECURSION = YES;
				CLANG_WARN_INT_CONVERSION = YES;
				CLANG_WARN_NON_LITERAL_NULL_CONVERSION = YES;
				CLANG_WARN_OBJC_IMPLICIT_RETAIN_SELF = YES;
				CLANG_WARN_OBJC_LITERAL_CONVERSION = YES;
				CLANG_WARN_OBJC_ROOT_CLASS = YES_ERROR;
				CLANG_WARN_RANGE_LOOP_ANALYSIS = YES;
				CLANG_WARN_STRICT_PROTOTYPES = YES;
				CLANG_WARN_SUSPICIOUS_MOVE = YES;
				CLANG_WARN_SUSPICIOUS_MOVES = YES;
				CLANG_WARN_UNREACHABLE_CODE = YES;
				CLANG_WARN__DUPLICATE_METHOD_MATCH = YES;
				"CODE_SIGN_IDENTITY[sdk=iphoneos*]" = "iPhone Developer";
				COPY_PHASE_STRIP = NO;
				DEBUG_INFORMATION_FORMAT = "dwarf-with-dsym";
				ENABLE_NS_ASSERTIONS = NO;
				ENABLE_STRICT_OBJC_MSGSEND = YES;
				GCC_C_LANGUAGE_STANDARD = gnu99;
				GCC_NO_COMMON_BLOCKS = YES;
				GCC_WARN_64_TO_32_BIT_CONVERSION = YES;
				GCC_WARN_ABOUT_RETURN_TYPE = YES_ERROR;
				GCC_WARN_UNDECLARED_SELECTOR = YES;
				GCC_WARN_UNINITIALIZED_AUTOS = YES_AGGRESSIVE;
				GCC_WARN_UNUSED_FUNCTION = YES;
				GCC_WARN_UNUSED_VARIABLE = YES;
				IPHONEOS_DEPLOYMENT_TARGET = 10.0;
				MTL_ENABLE_DEBUG_INFO = NO;
				SDKROOT = iphoneos;
				TARGETED_DEVICE_FAMILY = "1,2";
				VALIDATE_PRODUCT = YES;
			};
			name = Release;
		};
		31D0F8491E12893700C5E515 /* Debug */ = {
			isa = XCBuildConfiguration;
			baseConfigurationReference = B10BDCCB75C1875772938F2A /* Pods-MyCalender.debug.xcconfig */;
			buildSettings = {
				ASSETCATALOG_COMPILER_APPICON_NAME = AppIcon;
				CLANG_ENABLE_MODULES = YES;
				DEVELOPMENT_TEAM = MW8RCX394X;
				INFOPLIST_FILE = MyCalender/Info.plist;
				LD_RUNPATH_SEARCH_PATHS = "$(inherited) @executable_path/Frameworks";
				ONLY_ACTIVE_ARCH = YES;
				PRODUCT_BUNDLE_IDENTIFIER = com.MyCalender.don;
				PRODUCT_NAME = "$(TARGET_NAME)";
				SWIFT_OBJC_BRIDGING_HEADER = "MyCalender/MyCalender-Bridging-Header.h";
				SWIFT_OPTIMIZATION_LEVEL = "-Onone";
				SWIFT_VERSION = 3.0;
			};
			name = Debug;
		};
		31D0F84A1E12893700C5E515 /* Release */ = {
			isa = XCBuildConfiguration;
			baseConfigurationReference = B9BB177AB6D107747548D87A /* Pods-MyCalender.release.xcconfig */;
			buildSettings = {
				ASSETCATALOG_COMPILER_APPICON_NAME = AppIcon;
				CLANG_ENABLE_MODULES = YES;
				DEVELOPMENT_TEAM = MW8RCX394X;
				INFOPLIST_FILE = MyCalender/Info.plist;
				LD_RUNPATH_SEARCH_PATHS = "$(inherited) @executable_path/Frameworks";
				ONLY_ACTIVE_ARCH = YES;
				PRODUCT_BUNDLE_IDENTIFIER = com.MyCalender.don;
				PRODUCT_NAME = "$(TARGET_NAME)";
				SWIFT_OBJC_BRIDGING_HEADER = "MyCalender/MyCalender-Bridging-Header.h";
				SWIFT_VERSION = 3.0;
			};
			name = Release;
		};
		31D0F84C1E12893700C5E515 /* Debug */ = {
			isa = XCBuildConfiguration;
			baseConfigurationReference = 76ADAB1AC488346779C26531 /* Pods-MyCalenderTests.debug.xcconfig */;
			buildSettings = {
				BUNDLE_LOADER = "$(TEST_HOST)";
				INFOPLIST_FILE = MyCalenderTests/Info.plist;
				LD_RUNPATH_SEARCH_PATHS = "$(inherited) @executable_path/Frameworks @loader_path/Frameworks";
				PRODUCT_BUNDLE_IDENTIFIER = cuhk.MyCalenderTests;
				PRODUCT_NAME = "$(TARGET_NAME)";
				TEST_HOST = "$(BUILT_PRODUCTS_DIR)/MyCalender.app/MyCalender";
			};
			name = Debug;
		};
		31D0F84D1E12893700C5E515 /* Release */ = {
			isa = XCBuildConfiguration;
			baseConfigurationReference = A8F866B078162FB5C499B47C /* Pods-MyCalenderTests.release.xcconfig */;
			buildSettings = {
				BUNDLE_LOADER = "$(TEST_HOST)";
				INFOPLIST_FILE = MyCalenderTests/Info.plist;
				LD_RUNPATH_SEARCH_PATHS = "$(inherited) @executable_path/Frameworks @loader_path/Frameworks";
				PRODUCT_BUNDLE_IDENTIFIER = cuhk.MyCalenderTests;
				PRODUCT_NAME = "$(TARGET_NAME)";
				TEST_HOST = "$(BUILT_PRODUCTS_DIR)/MyCalender.app/MyCalender";
			};
			name = Release;
		};
		31D0F84F1E12893700C5E515 /* Debug */ = {
			isa = XCBuildConfiguration;
			baseConfigurationReference = 89189E02399FF5554F36AA7E /* Pods-MyCalenderUITests.debug.xcconfig */;
			buildSettings = {
				INFOPLIST_FILE = MyCalenderUITests/Info.plist;
				LD_RUNPATH_SEARCH_PATHS = "$(inherited) @executable_path/Frameworks @loader_path/Frameworks";
				PRODUCT_BUNDLE_IDENTIFIER = cuhk.MyCalenderUITests;
				PRODUCT_NAME = "$(TARGET_NAME)";
				TEST_TARGET_NAME = MyCalender;
			};
			name = Debug;
		};
		31D0F8501E12893700C5E515 /* Release */ = {
			isa = XCBuildConfiguration;
			baseConfigurationReference = DFC7B76FAB83CB1EB32DFFA4 /* Pods-MyCalenderUITests.release.xcconfig */;
			buildSettings = {
				INFOPLIST_FILE = MyCalenderUITests/Info.plist;
				LD_RUNPATH_SEARCH_PATHS = "$(inherited) @executable_path/Frameworks @loader_path/Frameworks";
				PRODUCT_BUNDLE_IDENTIFIER = cuhk.MyCalenderUITests;
				PRODUCT_NAME = "$(TARGET_NAME)";
				TEST_TARGET_NAME = MyCalender;
			};
			name = Release;
		};
/* End XCBuildConfiguration section */

/* Begin XCConfigurationList section */
		31D0F8161E12893700C5E515 /* Build configuration list for PBXProject "MyCalender" */ = {
			isa = XCConfigurationList;
			buildConfigurations = (
				31D0F8461E12893700C5E515 /* Debug */,
				31D0F8471E12893700C5E515 /* Release */,
			);
			defaultConfigurationIsVisible = 0;
			defaultConfigurationName = Release;
		};
		31D0F8481E12893700C5E515 /* Build configuration list for PBXNativeTarget "MyCalender" */ = {
			isa = XCConfigurationList;
			buildConfigurations = (
				31D0F8491E12893700C5E515 /* Debug */,
				31D0F84A1E12893700C5E515 /* Release */,
			);
			defaultConfigurationIsVisible = 0;
			defaultConfigurationName = Release;
		};
		31D0F84B1E12893700C5E515 /* Build configuration list for PBXNativeTarget "MyCalenderTests" */ = {
			isa = XCConfigurationList;
			buildConfigurations = (
				31D0F84C1E12893700C5E515 /* Debug */,
				31D0F84D1E12893700C5E515 /* Release */,
			);
			defaultConfigurationIsVisible = 0;
			defaultConfigurationName = Release;
		};
		31D0F84E1E12893700C5E515 /* Build configuration list for PBXNativeTarget "MyCalenderUITests" */ = {
			isa = XCConfigurationList;
			buildConfigurations = (
				31D0F84F1E12893700C5E515 /* Debug */,
				31D0F8501E12893700C5E515 /* Release */,
			);
			defaultConfigurationIsVisible = 0;
			defaultConfigurationName = Release;
		};
/* End XCConfigurationList section */
	};
	rootObject = 31D0F8131E12893700C5E515 /* Project object */;
}
